
Microsoft Visual Studio Solution File, Format Version 12.00
# Visual Studio Version 17
VisualStudioVersion = 17.4.33205.214
MinimumVisualStudioVersion = 10.0.40219.1
Project("{FAE04EC0-301F-11D3-BF4B-00C04F79EFBC}") = "Assignment7", "Assignment7\Assignment7.csproj", "{ACF7C709-951E-4260-965F-5D55033F8AFF}"
EndProject
Project("{9A19103F-16F7-4668-BE54-9A1E7A4F7556}") = "project1", "..\project1\project1\project1.csproj", "{3EE5D639-658E-497E-A487-48FC8B0C1EE3}"
EndProject
Project("{9A19103F-16F7-4668-BE54-9A1E7A4F7556}") = "WinFormsApp1", "..\WinFormsApp1\WinFormsApp1\WinFormsApp1.csproj", "{348F5B3A-8D78-4E8D-BA42-9D3DE4B4DFDB}"
EndProject
Global
	GlobalSection(SolutionConfigurationPlatforms) = preSolution
		Debug|Any CPU = Debug|Any CPU
		Release|Any CPU = Release|Any CPU
	EndGlobalSection
	GlobalSection(ProjectConfigurationPlatforms) = postSolution
		{ACF7C709-951E-4260-965F-5D55033F8AFF}.Debug|Any CPU.ActiveCfg = Debug|Any CPU
		{ACF7C709-951E-4260-965F-5D55033F8AFF}.Debug|Any CPU.Build.0 = Debug|Any CPU
		{ACF7C709-951E-4260-965F-5D55033F8AFF}.Release|Any CPU.ActiveCfg = Release|Any CPU
		{ACF7C709-951E-4260-965F-5D55033F8AFF}.Release|Any CPU.Build.0 = Release|Any CPU
		{3EE5D639-658E-497E-A487-48FC8B0C1EE3}.Debug|Any CPU.ActiveCfg = Debug|Any CPU
		{3EE5D639-658E-497E-A487-48FC8B0C1EE3}.Debug|Any CPU.Build.0 = Debug|Any CPU
		{3EE5D639-658E-497E-A487-48FC8B0C1EE3}.Release|Any CPU.ActiveCfg = Release|Any CPU
		{3EE5D639-658E-497E-A487-48FC8B0C1EE3}.Release|Any CPU.Build.0 = Release|Any CPU
		{348F5B3A-8D78-4E8D-BA42-9D3DE4B4DFDB}.Debug|Any CPU.ActiveCfg = Debug|Any CPU
		{348F5B3A-8D78-4E8D-BA42-9D3DE4B4DFDB}.Debug|Any CPU.Build.0 = Debug|Any CPU
		{348F5B3A-8D78-4E8D-BA42-9D3DE4B4DFDB}.Release|Any CPU.ActiveCfg = Release|Any CPU
		{348F5B3A-8D78-4E8D-BA42-9D3DE4B4DFDB}.Release|Any CPU.Build.0 = Release|Any CPU
	EndGlobalSection
	GlobalSection(SolutionProperties) = preSolution
		HideSolutionNode = FALSE
	EndGlobalSection
	GlobalSection(ExtensibilityGlobals) = postSolution
		SolutionGuid = {0DC62A9A-70D1-45B5-9F29-4D767D9D307E}
	EndGlobalSection
EndGlobal
