
Microsoft Visual Studio Solution File, Format Version 12.00
# Visual Studio Version 17
VisualStudioVersion = 17.4.33205.214
MinimumVisualStudioVersion = 10.0.40219.1
Project("{FAE04EC0-301F-11D3-BF4B-00C04F79EFBC}") = "Assignment3", "Assignment3\Assignment3.csproj", "{EE391DDB-3E8E-478D-9697-BDEBEC8C5F94}"
EndProject
Project("{9A19103F-16F7-4668-BE54-9A1E7A4F7556}") = "project1", "project1\project1\project1.csproj", "{915E2B2B-33FF-47CF-8168-9354336BF4EA}"
EndProject
Project("{9A19103F-16F7-4668-BE54-9A1E7A4F7556}") = "project2", "project2\project2\project2.csproj", "{0B8F46E9-9839-4269-9ADB-3BF3383203DA}"
EndProject
Global
	GlobalSection(SolutionConfigurationPlatforms) = preSolution
		Debug|Any CPU = Debug|Any CPU
		Release|Any CPU = Release|Any CPU
	EndGlobalSection
	GlobalSection(ProjectConfigurationPlatforms) = postSolution
		{EE391DDB-3E8E-478D-9697-BDEBEC8C5F94}.Debug|Any CPU.ActiveCfg = Debug|Any CPU
		{EE391DDB-3E8E-478D-9697-BDEBEC8C5F94}.Debug|Any CPU.Build.0 = Debug|Any CPU
		{EE391DDB-3E8E-478D-9697-BDEBEC8C5F94}.Release|Any CPU.ActiveCfg = Release|Any CPU
		{EE391DDB-3E8E-478D-9697-BDEBEC8C5F94}.Release|Any CPU.Build.0 = Release|Any CPU
		{915E2B2B-33FF-47CF-8168-9354336BF4EA}.Debug|Any CPU.ActiveCfg = Debug|Any CPU
		{915E2B2B-33FF-47CF-8168-9354336BF4EA}.Debug|Any CPU.Build.0 = Debug|Any CPU
		{915E2B2B-33FF-47CF-8168-9354336BF4EA}.Release|Any CPU.ActiveCfg = Release|Any CPU
		{915E2B2B-33FF-47CF-8168-9354336BF4EA}.Release|Any CPU.Build.0 = Release|Any CPU
		{0B8F46E9-9839-4269-9ADB-3BF3383203DA}.Debug|Any CPU.ActiveCfg = Debug|Any CPU
		{0B8F46E9-9839-4269-9ADB-3BF3383203DA}.Debug|Any CPU.Build.0 = Debug|Any CPU
		{0B8F46E9-9839-4269-9ADB-3BF3383203DA}.Release|Any CPU.ActiveCfg = Release|Any CPU
		{0B8F46E9-9839-4269-9ADB-3BF3383203DA}.Release|Any CPU.Build.0 = Release|Any CPU
	EndGlobalSection
	GlobalSection(SolutionProperties) = preSolution
		HideSolutionNode = FALSE
	EndGlobalSection
	GlobalSection(ExtensibilityGlobals) = postSolution
		SolutionGuid = {4BEEA8AA-FA9F-40AF-82D0-EDBB5C083BBF}
	EndGlobalSection
EndGlobal
