
Microsoft Visual Studio Solution File, Format Version 12.00
# Visual Studio Version 17
VisualStudioVersion = 17.4.33205.214
MinimumVisualStudioVersion = 10.0.40219.1
Project("{FAE04EC0-301F-11D3-BF4B-00C04F79EFBC}") = "project1", "project1\project1.csproj", "{9E7A7330-AB4C-4F3E-8490-57CCB6922219}"
EndProject
Global
	GlobalSection(SolutionConfigurationPlatforms) = preSolution
		Debug|Any CPU = Debug|Any CPU
		Release|Any CPU = Release|Any CPU
	EndGlobalSection
	GlobalSection(ProjectConfigurationPlatforms) = postSolution
		{9E7A7330-AB4C-4F3E-8490-57CCB6922219}.Debug|Any CPU.ActiveCfg = Debug|Any CPU
		{9E7A7330-AB4C-4F3E-8490-57CCB6922219}.Debug|Any CPU.Build.0 = Debug|Any CPU
		{9E7A7330-AB4C-4F3E-8490-57CCB6922219}.Release|Any CPU.ActiveCfg = Release|Any CPU
		{9E7A7330-AB4C-4F3E-8490-57CCB6922219}.Release|Any CPU.Build.0 = Release|Any CPU
	EndGlobalSection
	GlobalSection(SolutionProperties) = preSolution
		HideSolutionNode = FALSE
	EndGlobalSection
	GlobalSection(ExtensibilityGlobals) = postSolution
		SolutionGuid = {CCA95DEF-6A8B-489A-83A8-93E0CAE2F062}
	EndGlobalSection
EndGlobal
