
Microsoft Visual Studio Solution File, Format Version 12.00
# Visual Studio Version 17
VisualStudioVersion = 17.4.33205.214
MinimumVisualStudioVersion = 10.0.40219.1
Project("{FAE04EC0-301F-11D3-BF4B-00C04F79EFBC}") = "project1", "project1\project1.csproj", "{FDFD00B9-4522-4249-9897-10424DAF094B}"
EndProject
Global
	GlobalSection(SolutionConfigurationPlatforms) = preSolution
		Debug|Any CPU = Debug|Any CPU
		Release|Any CPU = Release|Any CPU
	EndGlobalSection
	GlobalSection(ProjectConfigurationPlatforms) = postSolution
		{FDFD00B9-4522-4249-9897-10424DAF094B}.Debug|Any CPU.ActiveCfg = Debug|Any CPU
		{FDFD00B9-4522-4249-9897-10424DAF094B}.Debug|Any CPU.Build.0 = Debug|Any CPU
		{FDFD00B9-4522-4249-9897-10424DAF094B}.Release|Any CPU.ActiveCfg = Release|Any CPU
		{FDFD00B9-4522-4249-9897-10424DAF094B}.Release|Any CPU.Build.0 = Release|Any CPU
	EndGlobalSection
	GlobalSection(SolutionProperties) = preSolution
		HideSolutionNode = FALSE
	EndGlobalSection
	GlobalSection(ExtensibilityGlobals) = postSolution
		SolutionGuid = {0AF679C0-465B-4763-A006-1D92572E99E6}
	EndGlobalSection
EndGlobal
