
Microsoft Visual Studio Solution File, Format Version 12.00
# Visual Studio Version 17
VisualStudioVersion = 17.4.33205.214
MinimumVisualStudioVersion = 10.0.40219.1
Project("{FAE04EC0-301F-11D3-BF4B-00C04F79EFBC}") = "Assignment6", "Assignment6\Assignment6.csproj", "{98D589F1-3924-4541-990B-EC345EC7B1D8}"
EndProject
Project("{9A19103F-16F7-4668-BE54-9A1E7A4F7556}") = "WinFormsApp1", "WinFormsApp1\WinFormsApp1\WinFormsApp1.csproj", "{C998A161-0197-4065-9F78-53F1B473DC68}"
EndProject
Global
	GlobalSection(SolutionConfigurationPlatforms) = preSolution
		Debug|Any CPU = Debug|Any CPU
		Release|Any CPU = Release|Any CPU
	EndGlobalSection
	GlobalSection(ProjectConfigurationPlatforms) = postSolution
		{98D589F1-3924-4541-990B-EC345EC7B1D8}.Debug|Any CPU.ActiveCfg = Debug|Any CPU
		{98D589F1-3924-4541-990B-EC345EC7B1D8}.Debug|Any CPU.Build.0 = Debug|Any CPU
		{98D589F1-3924-4541-990B-EC345EC7B1D8}.Release|Any CPU.ActiveCfg = Release|Any CPU
		{98D589F1-3924-4541-990B-EC345EC7B1D8}.Release|Any CPU.Build.0 = Release|Any CPU
		{C998A161-0197-4065-9F78-53F1B473DC68}.Debug|Any CPU.ActiveCfg = Debug|Any CPU
		{C998A161-0197-4065-9F78-53F1B473DC68}.Debug|Any CPU.Build.0 = Debug|Any CPU
		{C998A161-0197-4065-9F78-53F1B473DC68}.Release|Any CPU.ActiveCfg = Release|Any CPU
		{C998A161-0197-4065-9F78-53F1B473DC68}.Release|Any CPU.Build.0 = Release|Any CPU
	EndGlobalSection
	GlobalSection(SolutionProperties) = preSolution
		HideSolutionNode = FALSE
	EndGlobalSection
	GlobalSection(ExtensibilityGlobals) = postSolution
		SolutionGuid = {511CD4B7-6344-4053-AAB5-820FA1536A95}
	EndGlobalSection
EndGlobal
