
Microsoft Visual Studio Solution File, Format Version 12.00
# Visual Studio Version 17
VisualStudioVersion = 17.5.33530.505
MinimumVisualStudioVersion = 10.0.40219.1
Project("{FAE04EC0-301F-11D3-BF4B-00C04F79EFBC}") = "Assignment10", "Assignment10\Assignment10.csproj", "{62AB6BFE-D991-4078-BCA5-237F1E6062B8}"
EndProject
Project("{9A19103F-16F7-4668-BE54-9A1E7A4F7556}") = "project1", "project1\project1\project1.csproj", "{727D87EB-C1EC-407B-8448-36C4A8C940DA}"
EndProject
Project("{9A19103F-16F7-4668-BE54-9A1E7A4F7556}") = "WinFormsApp1", "WinFormsApp1\WinFormsApp1\WinFormsApp1.csproj", "{ECDA28CC-FC2B-4E23-923A-73F994280853}"
EndProject
Global
	GlobalSection(SolutionConfigurationPlatforms) = preSolution
		Debug|Any CPU = Debug|Any CPU
		Release|Any CPU = Release|Any CPU
	EndGlobalSection
	GlobalSection(ProjectConfigurationPlatforms) = postSolution
		{62AB6BFE-D991-4078-BCA5-237F1E6062B8}.Debug|Any CPU.ActiveCfg = Debug|Any CPU
		{62AB6BFE-D991-4078-BCA5-237F1E6062B8}.Debug|Any CPU.Build.0 = Debug|Any CPU
		{62AB6BFE-D991-4078-BCA5-237F1E6062B8}.Release|Any CPU.ActiveCfg = Release|Any CPU
		{62AB6BFE-D991-4078-BCA5-237F1E6062B8}.Release|Any CPU.Build.0 = Release|Any CPU
		{727D87EB-C1EC-407B-8448-36C4A8C940DA}.Debug|Any CPU.ActiveCfg = Debug|Any CPU
		{727D87EB-C1EC-407B-8448-36C4A8C940DA}.Debug|Any CPU.Build.0 = Debug|Any CPU
		{727D87EB-C1EC-407B-8448-36C4A8C940DA}.Release|Any CPU.ActiveCfg = Release|Any CPU
		{727D87EB-C1EC-407B-8448-36C4A8C940DA}.Release|Any CPU.Build.0 = Release|Any CPU
		{ECDA28CC-FC2B-4E23-923A-73F994280853}.Debug|Any CPU.ActiveCfg = Debug|Any CPU
		{ECDA28CC-FC2B-4E23-923A-73F994280853}.Debug|Any CPU.Build.0 = Debug|Any CPU
		{ECDA28CC-FC2B-4E23-923A-73F994280853}.Release|Any CPU.ActiveCfg = Release|Any CPU
		{ECDA28CC-FC2B-4E23-923A-73F994280853}.Release|Any CPU.Build.0 = Release|Any CPU
	EndGlobalSection
	GlobalSection(SolutionProperties) = preSolution
		HideSolutionNode = FALSE
	EndGlobalSection
	GlobalSection(ExtensibilityGlobals) = postSolution
		SolutionGuid = {08FA7C16-2129-4EC7-B92A-2E4DEA323248}
	EndGlobalSection
EndGlobal
